
Microsoft Visual Studio Solution File, Format Version 12.00
# Visual Studio Version 16
VisualStudioVersion = 16.0.29123.88
MinimumVisualStudioVersion = 10.0.40219.1
Project("{FAE04EC0-301F-11D3-BF4B-00C04F79EFBC}") = "salvo1", "salvo1\salvo1.csproj", "{040C2444-5B37-40F6-A521-A1B0EE8F925B}"
EndProject
Global
	GlobalSection(SolutionConfigurationPlatforms) = preSolution
		Debug|Any CPU = Debug|Any CPU
		Release|Any CPU = Release|Any CPU
	EndGlobalSection
	GlobalSection(ProjectConfigurationPlatforms) = postSolution
		{040C2444-5B37-40F6-A521-A1B0EE8F925B}.Debug|Any CPU.ActiveCfg = Debug|Any CPU
		{040C2444-5B37-40F6-A521-A1B0EE8F925B}.Debug|Any CPU.Build.0 = Debug|Any CPU
		{040C2444-5B37-40F6-A521-A1B0EE8F925B}.Release|Any CPU.ActiveCfg = Release|Any CPU
		{040C2444-5B37-40F6-A521-A1B0EE8F925B}.Release|Any CPU.Build.0 = Release|Any CPU
	EndGlobalSection
	GlobalSection(SolutionProperties) = preSolution
		HideSolutionNode = FALSE
	EndGlobalSection
	GlobalSection(ExtensibilityGlobals) = postSolution
		SolutionGuid = {72E18CD7-D325-4C3B-AF4B-EC3A71F1CEE8}
	EndGlobalSection
EndGlobal
